
Microsoft Visual Studio Solution File, Format Version 12.00
# Visual Studio Version 16
VisualStudioVersion = 16.0.31624.102
MinimumVisualStudioVersion = 10.0.40219.1
Project("{FAE04EC0-301F-11D3-BF4B-00C04F79EFBC}") = "Lab1", "Lab1\Lab1.csproj", "{74345C62-29E8-4C29-879E-2B8EADFF02D3}"
EndProject
Global
	GlobalSection(SolutionConfigurationPlatforms) = preSolution
		Debug|Any CPU = Debug|Any CPU
		Release|Any CPU = Release|Any CPU
	EndGlobalSection
	GlobalSection(ProjectConfigurationPlatforms) = postSolution
		{74345C62-29E8-4C29-879E-2B8EADFF02D3}.Debug|Any CPU.ActiveCfg = Debug|Any CPU
		{74345C62-29E8-4C29-879E-2B8EADFF02D3}.Debug|Any CPU.Build.0 = Debug|Any CPU
		{74345C62-29E8-4C29-879E-2B8EADFF02D3}.Release|Any CPU.ActiveCfg = Release|Any CPU
		{74345C62-29E8-4C29-879E-2B8EADFF02D3}.Release|Any CPU.Build.0 = Release|Any CPU
	EndGlobalSection
	GlobalSection(SolutionProperties) = preSolution
		HideSolutionNode = FALSE
	EndGlobalSection
	GlobalSection(ExtensibilityGlobals) = postSolution
		SolutionGuid = {A3136B3C-2B6A-4613-B258-39E3CD16A9C1}
	EndGlobalSection
EndGlobal
