
Microsoft Visual Studio Solution File, Format Version 12.00
# Visual Studio Version 16
VisualStudioVersion = 16.0.33529.622
MinimumVisualStudioVersion = 10.0.40219.1
Project("{FAE04EC0-301F-11D3-BF4B-00C04F79EFBC}") = "RPN", "RPN\RPN.csproj", "{9E9EB1B7-0B0C-44B0-B2EB-3248D55946D5}"
EndProject
Global
	GlobalSection(SolutionConfigurationPlatforms) = preSolution
		Debug|Any CPU = Debug|Any CPU
		Release|Any CPU = Release|Any CPU
	EndGlobalSection
	GlobalSection(ProjectConfigurationPlatforms) = postSolution
		{9E9EB1B7-0B0C-44B0-B2EB-3248D55946D5}.Debug|Any CPU.ActiveCfg = Debug|Any CPU
		{9E9EB1B7-0B0C-44B0-B2EB-3248D55946D5}.Debug|Any CPU.Build.0 = Debug|Any CPU
		{9E9EB1B7-0B0C-44B0-B2EB-3248D55946D5}.Release|Any CPU.ActiveCfg = Release|Any CPU
		{9E9EB1B7-0B0C-44B0-B2EB-3248D55946D5}.Release|Any CPU.Build.0 = Release|Any CPU
	EndGlobalSection
	GlobalSection(SolutionProperties) = preSolution
		HideSolutionNode = FALSE
	EndGlobalSection
	GlobalSection(ExtensibilityGlobals) = postSolution
		SolutionGuid = {5CEE500A-A80E-43A1-92AE-9A8EAE63DD63}
	EndGlobalSection
EndGlobal
