
Microsoft Visual Studio Solution File, Format Version 12.00
# Visual Studio Version 16
VisualStudioVersion = 16.0.31624.102
MinimumVisualStudioVersion = 10.0.40219.1
Project("{FAE04EC0-301F-11D3-BF4B-00C04F79EFBC}") = "FindingPath_simulation", "FindingPath_simulation\FindingPath_simulation.csproj", "{CBB2AFBF-ED8D-496E-BB22-C8F462FF4FFE}"
EndProject
Project("{FAE04EC0-301F-11D3-BF4B-00C04F79EFBC}") = "GraphLibrary", "GraphLibrary\GraphLibrary.csproj", "{D5D71D17-77FE-4531-9220-521D38004C19}"
EndProject
Global
	GlobalSection(SolutionConfigurationPlatforms) = preSolution
		Debug|Any CPU = Debug|Any CPU
		Release|Any CPU = Release|Any CPU
	EndGlobalSection
	GlobalSection(ProjectConfigurationPlatforms) = postSolution
		{CBB2AFBF-ED8D-496E-BB22-C8F462FF4FFE}.Debug|Any CPU.ActiveCfg = Debug|Any CPU
		{CBB2AFBF-ED8D-496E-BB22-C8F462FF4FFE}.Debug|Any CPU.Build.0 = Debug|Any CPU
		{CBB2AFBF-ED8D-496E-BB22-C8F462FF4FFE}.Release|Any CPU.ActiveCfg = Release|Any CPU
		{CBB2AFBF-ED8D-496E-BB22-C8F462FF4FFE}.Release|Any CPU.Build.0 = Release|Any CPU
		{D5D71D17-77FE-4531-9220-521D38004C19}.Debug|Any CPU.ActiveCfg = Debug|Any CPU
		{D5D71D17-77FE-4531-9220-521D38004C19}.Debug|Any CPU.Build.0 = Debug|Any CPU
		{D5D71D17-77FE-4531-9220-521D38004C19}.Release|Any CPU.ActiveCfg = Release|Any CPU
		{D5D71D17-77FE-4531-9220-521D38004C19}.Release|Any CPU.Build.0 = Release|Any CPU
	EndGlobalSection
	GlobalSection(SolutionProperties) = preSolution
		HideSolutionNode = FALSE
	EndGlobalSection
	GlobalSection(ExtensibilityGlobals) = postSolution
		SolutionGuid = {663C946E-9729-42A2-89F2-92C365B2F726}
	EndGlobalSection
EndGlobal
