
Microsoft Visual Studio Solution File, Format Version 12.00
# Visual Studio Version 16
VisualStudioVersion = 16.0.31624.102
MinimumVisualStudioVersion = 10.0.40219.1
Project("{FAE04EC0-301F-11D3-BF4B-00C04F79EFBC}") = "Flatlander", "Flatlander\Flatlander.csproj", "{6DE81F77-30E3-456B-9AFC-AB441150A06D}"
EndProject
Global
	GlobalSection(SolutionConfigurationPlatforms) = preSolution
		Debug|Any CPU = Debug|Any CPU
		Release|Any CPU = Release|Any CPU
	EndGlobalSection
	GlobalSection(ProjectConfigurationPlatforms) = postSolution
		{6DE81F77-30E3-456B-9AFC-AB441150A06D}.Debug|Any CPU.ActiveCfg = Debug|Any CPU
		{6DE81F77-30E3-456B-9AFC-AB441150A06D}.Debug|Any CPU.Build.0 = Debug|Any CPU
		{6DE81F77-30E3-456B-9AFC-AB441150A06D}.Release|Any CPU.ActiveCfg = Release|Any CPU
		{6DE81F77-30E3-456B-9AFC-AB441150A06D}.Release|Any CPU.Build.0 = Release|Any CPU
	EndGlobalSection
	GlobalSection(SolutionProperties) = preSolution
		HideSolutionNode = FALSE
	EndGlobalSection
	GlobalSection(ExtensibilityGlobals) = postSolution
		SolutionGuid = {90FC7303-FF17-410D-852F-2222A48F443D}
	EndGlobalSection
EndGlobal
